
Microsoft Visual Studio Solution File, Format Version 12.00
# Visual Studio Version 17
VisualStudioVersion = 17.8.34330.188
MinimumVisualStudioVersion = 10.0.40219.1
Project("{FAE04EC0-301F-11D3-BF4B-00C04F79EFBC}") = "HR-System", "HR-System\HR-System.csproj", "{BF11C590-53A1-4136-9B42-0B59085881E4}"
EndProject
Global
	GlobalSection(SolutionConfigurationPlatforms) = preSolution
		Debug|Any CPU = Debug|Any CPU
		Release|Any CPU = Release|Any CPU
	EndGlobalSection
	GlobalSection(ProjectConfigurationPlatforms) = postSolution
		{BF11C590-53A1-4136-9B42-0B59085881E4}.Debug|Any CPU.ActiveCfg = Debug|Any CPU
		{BF11C590-53A1-4136-9B42-0B59085881E4}.Debug|Any CPU.Build.0 = Debug|Any CPU
		{BF11C590-53A1-4136-9B42-0B59085881E4}.Release|Any CPU.ActiveCfg = Release|Any CPU
		{BF11C590-53A1-4136-9B42-0B59085881E4}.Release|Any CPU.Build.0 = Release|Any CPU
	EndGlobalSection
	GlobalSection(SolutionProperties) = preSolution
		HideSolutionNode = FALSE
	EndGlobalSection
	GlobalSection(ExtensibilityGlobals) = postSolution
		SolutionGuid = {174C86FB-7AE4-4285-8C3E-A2F9E511DD81}
	EndGlobalSection
EndGlobal
